[renv]
Version=0.4.0-20

[R]
Version=3.6.0
Repositories=
	CRAN=https://cran.rstudio.com/

[R/Package/BH]
Package=BH
Version=1.69.0-1
Source=CRAN
Hash=cfad72c4156ccde689e24ed26010a931

[R/Package/DBI]
Package=DBI
Version=1.0.0
Source=CRAN
Hash=9e726304c3ccd2641ee1b0668a2a4b94

[R/Package/MASS]
Package=MASS
Version=7.3-51.4
Source=CRAN
Hash=3f74d247b4ab8e3f0fd6c8655ba4ee09

[R/Package/Matrix]
Package=Matrix
Version=1.2-17
Source=CRAN
Hash=37c16af3f7da98c8f5da858855e13115

[R/Package/R6]
Package=R6
Version=2.4.0
Source=CRAN
Hash=4f39f15779e55cb06d47e0904b14522c

[R/Package/RColorBrewer]
Package=RColorBrewer
Version=1.1-2
Source=CRAN
Hash=c415f5010b2a1775dc6e3bd27f609666

[R/Package/Rcpp]
Package=Rcpp
Version=1.0.1
Source=CRAN
Hash=9c7023d9c0a2fb1fad5fc2e16283925e

[R/Package/askpass]
Package=askpass
Version=1.1
Source=CRAN
Hash=22d589bdbeb821c20dcff25ff641f6fb

[R/Package/assertthat]
Package=assertthat
Version=0.2.1
Source=CRAN
Hash=47c5d99ca6da06d75f480d96b9f96422

[R/Package/backports]
Package=backports
Version=1.1.4
Source=CRAN
Hash=f8cd17cda96337d3ca8d876d78df1db4

[R/Package/base64enc]
Package=base64enc
Version=0.1-3
Source=CRAN
Hash=98474bb1d2468b052cdf9c94abebc97f

[R/Package/broom]
Package=broom
Version=0.5.2
Source=CRAN
Hash=4d3320654f6e0fe0b4b1c339c507f5ae

[R/Package/callr]
Package=callr
Version=3.2.0
Source=CRAN
Hash=2f96fee5ac6fb41520a0f87b6d1b9de5

[R/Package/cellranger]
Package=cellranger
Version=1.1.0
Source=CRAN
Hash=2dca890fda2e0910eeacb38a2c27af72

[R/Package/cli]
Package=cli
Version=1.1.0
Source=CRAN
Hash=0b5e29bc7acf6175de5310f9f70ec216

[R/Package/clipr]
Package=clipr
Version=0.6.0
Source=CRAN
Hash=2d0cd4cc3da87e62fa17163096a19b4f

[R/Package/colorspace]
Package=colorspace
Version=1.4-1
Source=CRAN
Hash=b0f7b0980ad3d9d240be0fffea1d238b

[R/Package/crayon]
Package=crayon
Version=1.3.4
Source=CRAN
Hash=f57126a0d24ca978ba32632bb3d26fe4

[R/Package/curl]
Package=curl
Version=3.3
Source=CRAN
Hash=7adc74912a44c348c6a1eda716a5d02d

[R/Package/dbplyr]
Package=dbplyr
Version=1.4.0
Source=CRAN
Hash=cf08630223ff014f5fe1b32ed377cc63

[R/Package/digest]
Package=digest
Version=0.6.18
Source=CRAN
Hash=c53b5dd4fbd6054e2ef6b8e93f34192f

[R/Package/dplyr]
Package=dplyr
Version=0.8.0.1
Source=CRAN
Hash=2ff27e320606f8cb18e746870464b4e9

[R/Package/ellipsis]
Package=ellipsis
Version=0.1.0
Source=CRAN
Hash=d433bae00f14af3002b137add5c530b5

[R/Package/evaluate]
Package=evaluate
Version=0.13
Source=CRAN
Hash=44323f5f9dcb360605ca8b2ed8f94bb6

[R/Package/fansi]
Package=fansi
Version=0.4.0
Source=CRAN
Hash=a7730510208607abde04cfe3808e78e0

[R/Package/forcats]
Package=forcats
Version=0.4.0
Source=CRAN
Hash=bca530c76aabd907fa2a83d21a02db81

[R/Package/fs]
Package=fs
Version=1.3.1
Source=CRAN
Hash=8373de9bc63e2090ae6f1a0dcbc85cd0

[R/Package/generics]
Package=generics
Version=0.0.2
Source=CRAN
Hash=c8e7c83af79d6b104067cfbc27fd5191

[R/Package/ggplot2]
Package=ggplot2
Version=3.1.1
Source=CRAN
Hash=df87acafb40bbd463cfa4a236d916095

[R/Package/ggridges]
Package=ggridges
Version=0.5.1
Source=CRAN
Hash=28084d5d03560bd9318a85e4fd2ee1c6

[R/Package/glue]
Package=glue
Version=1.3.1
Source=CRAN
Hash=50f8d48c8ebbfc4b68e55bd8bb5516ca

[R/Package/gtable]
Package=gtable
Version=0.3.0
Source=CRAN
Hash=1139982677066ce2ec7c8d6d12f89e3d

[R/Package/haven]
Package=haven
Version=2.1.0
Source=CRAN
Hash=293d63ab2e4f6ab2fbd30bfc267abb6d

[R/Package/here]
Package=here
Version=0.1
Source=CRAN
Hash=f6e7439272d42410e770272c1ae60842

[R/Package/highr]
Package=highr
Version=0.8
Source=CRAN
Hash=e55de296dfdda8215e0c3fa0f4c6b84f

[R/Package/hms]
Package=hms
Version=0.4.2
Source=CRAN
Hash=d37946ab470b95d250afae8502c70673

[R/Package/htmltools]
Package=htmltools
Version=0.3.6
Source=CRAN
Hash=acbf3a50732562af0ff1fbf1050da7ee

[R/Package/httr]
Package=httr
Version=1.4.0
Source=CRAN
Hash=ac878be52f9a4a40236b4a6102c473e6

[R/Package/huxtable]
Package=huxtable
Version=4.5.0
Source=CRAN
Hash=eb9e5ed311c7e3ca992b8ea242627b0d

[R/Package/jsonlite]
Package=jsonlite
Version=1.6
Source=CRAN
Hash=1527c6ad6c00ff3f0d0a02b01650fd87

[R/Package/knitr]
Package=knitr
Version=1.22
Source=CRAN
Hash=25f34516afdbaac300d69d8fb1c892e6

[R/Package/labeling]
Package=labeling
Version=0.3
Source=CRAN
Hash=ffa597ca526ba3020eb878a4bc1cb8ab

[R/Package/lattice]
Package=lattice
Version=0.20-38
Source=CRAN
Hash=0251b49e8f0cc1f8fb68e587c519bae8

[R/Package/lazyeval]
Package=lazyeval
Version=0.2.2
Source=CRAN
Hash=c11c47f14490dbed7013c37a1a217cc1

[R/Package/lubridate]
Package=lubridate
Version=1.7.4
Source=CRAN
Hash=ecc440cf76cdf90c0c34de6e0a0267fb

[R/Package/magrittr]
Package=magrittr
Version=1.5
Source=CRAN
Hash=c079d05aaae9556f4dbeea615a764871

[R/Package/markdown]
Package=markdown
Version=0.9
Source=CRAN
Hash=1ee034245d9f360cb0dfa86ff46a24d9

[R/Package/memoise]
Package=memoise
Version=1.1.0
Source=CRAN
Hash=9d6090adf003d75c85245783bcef21b4

[R/Package/mgcv]
Package=mgcv
Version=1.8-28
Source=CRAN
Hash=546b79187d2ce2b5255451684b97dcc4

[R/Package/mime]
Package=mime
Version=0.6
Source=CRAN
Hash=00690a1726fcfc215a3e5908bf56802b

[R/Package/modelr]
Package=modelr
Version=0.1.4
Source=CRAN
Hash=4c44dc2a7c22d337b2fe27867388dec5

[R/Package/munsell]
Package=munsell
Version=0.5.0
Source=CRAN
Hash=d2e295adcf750acbd8a6afd5e15a9c1b

[R/Package/nlme]
Package=nlme
Version=3.1-139
Source=CRAN
Hash=30cb904ab86ee39ae8a213a6e3d6a44f

[R/Package/openssl]
Package=openssl
Version=1.3
Source=CRAN
Hash=ec292591fce8474b20d4cdc68ffe184b

[R/Package/pillar]
Package=pillar
Version=1.3.1
Source=CRAN
Hash=a3afe044128a8281acd29830acdf2836

[R/Package/pkgconfig]
Package=pkgconfig
Version=2.0.2
Source=CRAN
Hash=429340caafe5e22eb0fcf89cd170b4db

[R/Package/plogr]
Package=plogr
Version=0.2.0
Source=CRAN
Hash=e33de17b3d41d70c32e716536104d3fb

[R/Package/plyr]
Package=plyr
Version=1.8.4
Source=CRAN
Hash=10741ef740846fb36358ef97a1e165b6

[R/Package/prettyunits]
Package=prettyunits
Version=1.0.2
Source=CRAN
Hash=0acfa2bf224e49369bde27b7523aa660

[R/Package/processx]
Package=processx
Version=3.3.1.9000
Source=GitHub
RemoteType=github
RemoteHost=api.github.com
RemoteRepo=processx
RemoteUsername=r-pkgs
RemoteRef=master
RemoteSha=505cb1f8dd1f4b9ff35ed2f64ce0e86dc7855789
Hash=f3ca537e28bab407d4cb495af5692f0c

[R/Package/progress]
Package=progress
Version=1.2.0
Source=CRAN
Hash=5e00ce1fffb00947eec15c035f7d32d0

[R/Package/ps]
Package=ps
Version=1.3.0
Source=CRAN
Hash=de3a0d78967f03b53b01e75956096c55

[R/Package/purrr]
Package=purrr
Version=0.3.2
Source=CRAN
Hash=ac87472161cfd12559f2c9fcd66813d0

[R/Package/readr]
Package=readr
Version=1.3.1
Source=CRAN
Hash=688155c84a00243455f69ba3ca8aecea

[R/Package/readxl]
Package=readxl
Version=1.3.1
Source=CRAN
Hash=d191cfd37ac5d1b04eec8ef5ebbcc66c

[R/Package/rematch]
Package=rematch
Version=1.0.1
Source=CRAN
Hash=68b96cf0beeb56d18fec3b831f7b754f

[R/Package/reprex]
Package=reprex
Version=0.2.1
Source=CRAN
Hash=d12c9f8ca8ea1d71936b262fa4271635

[R/Package/reshape2]
Package=reshape2
Version=1.4.3
Source=CRAN
Hash=036286e358984519ef02581be2bd92b8

[R/Package/rlang]
Package=rlang
Version=0.3.4
Source=CRAN
Hash=cbb4e132f8198b1f9b20a0bfc5fa07ab

[R/Package/rmarkdown]
Package=rmarkdown
Version=1.12
Source=CRAN
Hash=a47ecaf4b4775834d1caa770c07d076b

[R/Package/rprojroot]
Package=rprojroot
Version=1.3-2
Source=CRAN
Hash=5dab1586df445d01064bd602a4ef28dd

[R/Package/rstudioapi]
Package=rstudioapi
Version=0.10
Source=CRAN
Hash=0a9a57ac8bc27cafe9a3904deb2e267b

[R/Package/rvest]
Package=rvest
Version=0.3.3
Source=CRAN
Hash=ad217fce76185116df2b99e7ef36def8

[R/Package/scales]
Package=scales
Version=1.0.0.9000
Source=GitHub
RemoteType=github
RemoteHost=api.github.com
RemoteRepo=scales
RemoteUsername=r-lib
RemoteRef=master
RemoteSha=7f6f4a52d56ac7f257496c8117553851a455732a
Hash=8e2c89838bc146e4dd3ee74ccd9c03c2

[R/Package/selectr]
Package=selectr
Version=0.4-1
Source=CRAN
Hash=1fb5dfb3e338005d14339d1f89fbc15c

[R/Package/stringi]
Package=stringi
Version=1.4.3
Source=CRAN
Hash=196830ccb8e4ff492b37062d19c3c9b1

[R/Package/stringr]
Package=stringr
Version=1.4.0
Source=CRAN
Hash=568b942ad8065463d9beb45c212e4089

[R/Package/sys]
Package=sys
Version=3.2
Source=CRAN
Hash=0c43bba658518eeb02b857c8e82de3ee

[R/Package/tibble]
Package=tibble
Version=2.1.1
Source=CRAN
Hash=73831eca4cbd67026bbe81e6f8d2537f

[R/Package/tidyr]
Package=tidyr
Version=0.8.3
Source=CRAN
Hash=fe1b84e373695dd4d335e5a5ede382a7

[R/Package/tidyselect]
Package=tidyselect
Version=0.2.5
Source=CRAN
Hash=cb4e7e81a360b877572804e9a6311375

[R/Package/tidyverse]
Package=tidyverse
Version=1.2.1
Source=CRAN
Hash=56192e1153cfe220a3213a1c2bd8a531

[R/Package/tinytex]
Package=tinytex
Version=0.13
Source=CRAN
Hash=48aae1a86a8099ecd595be90a5ec9fb8

[R/Package/utf8]
Package=utf8
Version=1.1.4
Source=CRAN
Hash=dbacd54ef408a11a83b9c0558d897970

[R/Package/viridisLite]
Package=viridisLite
Version=0.3.0
Source=CRAN
Hash=5045453f21c0128c65c2a10c776b3e47

[R/Package/whisker]
Package=whisker
Version=0.3-2
Source=CRAN
Hash=4dbd79a7e9b8e2593c1402d68c9ee682

[R/Package/withr]
Package=withr
Version=2.1.2
Source=CRAN
Hash=f421b98d10f48cf6a719e585facc54a8

[R/Package/xfun]
Package=xfun
Version=0.7
Source=CRAN
Hash=f406ca9b3f33f92dbbf797a1e9d2dd3e

[R/Package/xml2]
Package=xml2
Version=1.2.0
Source=CRAN
Hash=2cef311d8568a50184e12814c95c22bf

[R/Package/yaml]
Package=yaml
Version=2.2.0
Source=CRAN
Hash=1cf8dfe48ca1f014d5bdad603950c414

